
Microsoft Visual Studio Solution File, Format Version 12.00
# Visual Studio Version 17
VisualStudioVersion = 17.0.31903.59
MinimumVisualStudioVersion = 10.0.40219.1
Project("{FAE04EC0-301F-11D3-BF4B-00C04F79EFBC}") = "connect_to_accessDb", "connect_to_accessDb\connect_to_accessDb.csproj", "{34261962-8DAB-471B-9499-65B6885F649B}"
EndProject
Global
	GlobalSection(SolutionConfigurationPlatforms) = preSolution
		Debug|Any CPU = Debug|Any CPU
		Release|Any CPU = Release|Any CPU
	EndGlobalSection
	GlobalSection(ProjectConfigurationPlatforms) = postSolution
		{34261962-8DAB-471B-9499-65B6885F649B}.Debug|Any CPU.ActiveCfg = Debug|Any CPU
		{34261962-8DAB-471B-9499-65B6885F649B}.Debug|Any CPU.Build.0 = Debug|Any CPU
		{34261962-8DAB-471B-9499-65B6885F649B}.Release|Any CPU.ActiveCfg = Release|Any CPU
		{34261962-8DAB-471B-9499-65B6885F649B}.Release|Any CPU.Build.0 = Release|Any CPU
	EndGlobalSection
	GlobalSection(SolutionProperties) = preSolution
		HideSolutionNode = FALSE
	EndGlobalSection
	GlobalSection(ExtensibilityGlobals) = postSolution
		SolutionGuid = {E43FD700-86C9-4DEA-992F-5CF3FBB63F5E}
	EndGlobalSection
EndGlobal
